
Microsoft Visual Studio Solution File, Format Version 12.00
# Visual Studio Version 17
VisualStudioVersion = 17.5.002.0
MinimumVisualStudioVersion = 10.0.40219.1
Project("{9A19103F-16F7-4668-BE54-9A1E7A4F7556}") = "CreateWebapi", "CreateWebapi.csproj", "{D76F9C83-755D-4F4C-AB68-92F786CD70CC}"
EndProject
Global
	GlobalSection(SolutionConfigurationPlatforms) = preSolution
		Debug|Any CPU = Debug|Any CPU
		Release|Any CPU = Release|Any CPU
	EndGlobalSection
	GlobalSection(ProjectConfigurationPlatforms) = postSolution
		{D76F9C83-755D-4F4C-AB68-92F786CD70CC}.Debug|Any CPU.ActiveCfg = Debug|Any CPU
		{D76F9C83-755D-4F4C-AB68-92F786CD70CC}.Debug|Any CPU.Build.0 = Debug|Any CPU
		{D76F9C83-755D-4F4C-AB68-92F786CD70CC}.Release|Any CPU.ActiveCfg = Release|Any CPU
		{D76F9C83-755D-4F4C-AB68-92F786CD70CC}.Release|Any CPU.Build.0 = Release|Any CPU
	EndGlobalSection
	GlobalSection(SolutionProperties) = preSolution
		HideSolutionNode = FALSE
	EndGlobalSection
	GlobalSection(ExtensibilityGlobals) = postSolution
		SolutionGuid = {236CF726-8F90-492B-8D51-391D67BF5787}
	EndGlobalSection
EndGlobal
